
Microsoft Visual Studio Solution File, Format Version 12.00
# Visual Studio Version 17
VisualStudioVersion = 17.7.34202.233
MinimumVisualStudioVersion = 10.0.40219.1
Project("{2150E333-8FDC-42A3-9474-1A3956D46DE8}") = "src", "src", "{0D56764D-0D31-43EB-B309-3E7316F3F8A4}"
EndProject
Project("{9A19103F-16F7-4668-BE54-9A1E7A4F7556}") = "Adrian.Api", "Adrian.Api\Adrian.Api.csproj", "{352DFA24-82FD-48BF-93A5-9B79CA277976}"
EndProject
Project("{2150E333-8FDC-42A3-9474-1A3956D46DE8}") = "tests", "tests", "{F759C328-43CF-458D-9AE4-C83A54CD8D75}"
EndProject
Project("{9A19103F-16F7-4668-BE54-9A1E7A4F7556}") = "Adrian.Tests", "Adrian.Tests\Adrian.Tests.csproj", "{A642C88B-0DAE-452E-B93C-36EA74734C8C}"
EndProject
Project("{9A19103F-16F7-4668-BE54-9A1E7A4F7556}") = "Adrian.Core", "Adrian.Core\Adrian.Core.csproj", "{AA87FD7C-96CB-4F8B-B2FB-F5D3E45F09EA}"
EndProject
Project("{9A19103F-16F7-4668-BE54-9A1E7A4F7556}") = "Course.Tests", "Course.Tests\Course.Tests.csproj", "{E27CEA6C-48C7-481B-9789-B9079271701A}"
EndProject
Project("{2150E333-8FDC-42A3-9474-1A3956D46DE8}") = "course", "course", "{56F0316D-7340-4837-A0DF-779C6724C64B}"
EndProject
Project("{9A19103F-16F7-4668-BE54-9A1E7A4F7556}") = "CourseTDD.Api", "CourseTDD.Api\CourseTDD.Api.csproj", "{9E30F4FE-40A1-4B60-B9C2-75A49E3070CA}"
EndProject
Project("{FAE04EC0-301F-11D3-BF4B-00C04F79EFBC}") = "Integration.Tests", "Integration.Tests\Integration.Tests.csproj", "{8E745B26-2CFB-436F-8A29-895BFA9EA151}"
EndProject
Project("{FAE04EC0-301F-11D3-BF4B-00C04F79EFBC}") = "Integration.Api", "Integration.Api\Integration.Api.csproj", "{8074BD71-0AA6-499B-A650-8196B3C13808}"
EndProject
Global
	GlobalSection(SolutionConfigurationPlatforms) = preSolution
		Debug|Any CPU = Debug|Any CPU
		Release|Any CPU = Release|Any CPU
	EndGlobalSection
	GlobalSection(ProjectConfigurationPlatforms) = postSolution
		{352DFA24-82FD-48BF-93A5-9B79CA277976}.Debug|Any CPU.ActiveCfg = Debug|Any CPU
		{352DFA24-82FD-48BF-93A5-9B79CA277976}.Debug|Any CPU.Build.0 = Debug|Any CPU
		{352DFA24-82FD-48BF-93A5-9B79CA277976}.Release|Any CPU.ActiveCfg = Release|Any CPU
		{352DFA24-82FD-48BF-93A5-9B79CA277976}.Release|Any CPU.Build.0 = Release|Any CPU
		{A642C88B-0DAE-452E-B93C-36EA74734C8C}.Debug|Any CPU.ActiveCfg = Debug|Any CPU
		{A642C88B-0DAE-452E-B93C-36EA74734C8C}.Debug|Any CPU.Build.0 = Debug|Any CPU
		{A642C88B-0DAE-452E-B93C-36EA74734C8C}.Release|Any CPU.ActiveCfg = Release|Any CPU
		{A642C88B-0DAE-452E-B93C-36EA74734C8C}.Release|Any CPU.Build.0 = Release|Any CPU
		{AA87FD7C-96CB-4F8B-B2FB-F5D3E45F09EA}.Debug|Any CPU.ActiveCfg = Debug|Any CPU
		{AA87FD7C-96CB-4F8B-B2FB-F5D3E45F09EA}.Debug|Any CPU.Build.0 = Debug|Any CPU
		{AA87FD7C-96CB-4F8B-B2FB-F5D3E45F09EA}.Release|Any CPU.ActiveCfg = Release|Any CPU
		{AA87FD7C-96CB-4F8B-B2FB-F5D3E45F09EA}.Release|Any CPU.Build.0 = Release|Any CPU
		{E27CEA6C-48C7-481B-9789-B9079271701A}.Debug|Any CPU.ActiveCfg = Debug|Any CPU
		{E27CEA6C-48C7-481B-9789-B9079271701A}.Debug|Any CPU.Build.0 = Debug|Any CPU
		{E27CEA6C-48C7-481B-9789-B9079271701A}.Release|Any CPU.ActiveCfg = Release|Any CPU
		{E27CEA6C-48C7-481B-9789-B9079271701A}.Release|Any CPU.Build.0 = Release|Any CPU
		{9E30F4FE-40A1-4B60-B9C2-75A49E3070CA}.Debug|Any CPU.ActiveCfg = Debug|Any CPU
		{9E30F4FE-40A1-4B60-B9C2-75A49E3070CA}.Debug|Any CPU.Build.0 = Debug|Any CPU
		{9E30F4FE-40A1-4B60-B9C2-75A49E3070CA}.Release|Any CPU.ActiveCfg = Release|Any CPU
		{9E30F4FE-40A1-4B60-B9C2-75A49E3070CA}.Release|Any CPU.Build.0 = Release|Any CPU
		{8E745B26-2CFB-436F-8A29-895BFA9EA151}.Debug|Any CPU.ActiveCfg = Debug|Any CPU
		{8E745B26-2CFB-436F-8A29-895BFA9EA151}.Debug|Any CPU.Build.0 = Debug|Any CPU
		{8E745B26-2CFB-436F-8A29-895BFA9EA151}.Release|Any CPU.ActiveCfg = Release|Any CPU
		{8E745B26-2CFB-436F-8A29-895BFA9EA151}.Release|Any CPU.Build.0 = Release|Any CPU
		{8074BD71-0AA6-499B-A650-8196B3C13808}.Debug|Any CPU.ActiveCfg = Debug|Any CPU
		{8074BD71-0AA6-499B-A650-8196B3C13808}.Debug|Any CPU.Build.0 = Debug|Any CPU
		{8074BD71-0AA6-499B-A650-8196B3C13808}.Release|Any CPU.ActiveCfg = Release|Any CPU
		{8074BD71-0AA6-499B-A650-8196B3C13808}.Release|Any CPU.Build.0 = Release|Any CPU
	EndGlobalSection
	GlobalSection(SolutionProperties) = preSolution
		HideSolutionNode = FALSE
	EndGlobalSection
	GlobalSection(NestedProjects) = preSolution
		{352DFA24-82FD-48BF-93A5-9B79CA277976} = {0D56764D-0D31-43EB-B309-3E7316F3F8A4}
		{A642C88B-0DAE-452E-B93C-36EA74734C8C} = {F759C328-43CF-458D-9AE4-C83A54CD8D75}
		{AA87FD7C-96CB-4F8B-B2FB-F5D3E45F09EA} = {0D56764D-0D31-43EB-B309-3E7316F3F8A4}
		{E27CEA6C-48C7-481B-9789-B9079271701A} = {56F0316D-7340-4837-A0DF-779C6724C64B}
		{9E30F4FE-40A1-4B60-B9C2-75A49E3070CA} = {56F0316D-7340-4837-A0DF-779C6724C64B}
	EndGlobalSection
	GlobalSection(ExtensibilityGlobals) = postSolution
		SolutionGuid = {D7FEDFA8-49AD-4E93-8700-C2D3B1FEEBB3}
	EndGlobalSection
EndGlobal
